// !$*UTF8*$!
{
	archiveVersion = 1;
	classes = {
	};
	objectVersion = 55;
	objects = {

/* Begin PBXBuildFile section */
		833366C42900457A003E1B3B /* CardSetView.swift in Sources */ = {isa = PBXBuildFile; fileRef = 833366C32900457A003E1B3B /* CardSetView.swift */; };
		833366C52900457A003E1B3B /* CardSetView.swift in Sources */ = {isa = PBXBuildFile; fileRef = 833366C32900457A003E1B3B /* CardSetView.swift */; };
		833366C62900457A003E1B3B /* CardSetView.swift in Sources */ = {isa = PBXBuildFile; fileRef = 833366C32900457A003E1B3B /* CardSetView.swift */; };
		8360465728E483C6006CDE28 /* magic_databaseApp.swift in Sources */ = {isa = PBXBuildFile; fileRef = 8360465628E483C6006CDE28 /* magic_databaseApp.swift */; };
		8360465B28E483C8006CDE28 /* Assets.xcassets in Resources */ = {isa = PBXBuildFile; fileRef = 8360465A28E483C8006CDE28 /* Assets.xcassets */; };
		8360465E28E483C8006CDE28 /* Preview Assets.xcassets in Resources */ = {isa = PBXBuildFile; fileRef = 8360465D28E483C8006CDE28 /* Preview Assets.xcassets */; };
		8360466828E483C8006CDE28 /* magic_databaseTests.swift in Sources */ = {isa = PBXBuildFile; fileRef = 8360466728E483C8006CDE28 /* magic_databaseTests.swift */; };
		8360467228E483C8006CDE28 /* magic_databaseUITests.swift in Sources */ = {isa = PBXBuildFile; fileRef = 8360467128E483C8006CDE28 /* magic_databaseUITests.swift */; };
		8360467428E483C8006CDE28 /* magic_databaseUITestsLaunchTests.swift in Sources */ = {isa = PBXBuildFile; fileRef = 8360467328E483C8006CDE28 /* magic_databaseUITestsLaunchTests.swift */; };
		8360468228E48772006CDE28 /* Card.swift in Sources */ = {isa = PBXBuildFile; fileRef = 8360468128E48772006CDE28 /* Card.swift */; };
		8360468328E48772006CDE28 /* Card.swift in Sources */ = {isa = PBXBuildFile; fileRef = 8360468128E48772006CDE28 /* Card.swift */; };
		8360468628E48B0E006CDE28 /* RandomCardView.swift in Sources */ = {isa = PBXBuildFile; fileRef = 8360468528E48B0E006CDE28 /* RandomCardView.swift */; };
		8360468728E48B0E006CDE28 /* RandomCardView.swift in Sources */ = {isa = PBXBuildFile; fileRef = 8360468528E48B0E006CDE28 /* RandomCardView.swift */; };
		8360468A28E48BDB006CDE28 /* WebService.swift in Sources */ = {isa = PBXBuildFile; fileRef = 8360468928E48BDB006CDE28 /* WebService.swift */; };
		8360468B28E48BDB006CDE28 /* WebService.swift in Sources */ = {isa = PBXBuildFile; fileRef = 8360468928E48BDB006CDE28 /* WebService.swift */; };
		8360468E28E48FBD006CDE28 /* RandomCardViewModel.swift in Sources */ = {isa = PBXBuildFile; fileRef = 8360468D28E48FBD006CDE28 /* RandomCardViewModel.swift */; };
		8360468F28E48FBD006CDE28 /* RandomCardViewModel.swift in Sources */ = {isa = PBXBuildFile; fileRef = 8360468D28E48FBD006CDE28 /* RandomCardViewModel.swift */; };
		8360469128E4CF4B006CDE28 /* CardInformationView.swift in Sources */ = {isa = PBXBuildFile; fileRef = 8360469028E4CF4B006CDE28 /* CardInformationView.swift */; };
		8360469228E4CF4B006CDE28 /* CardInformationView.swift in Sources */ = {isa = PBXBuildFile; fileRef = 8360469028E4CF4B006CDE28 /* CardInformationView.swift */; };
		8360469528E4D3C1006CDE28 /* TextExtension.swift in Sources */ = {isa = PBXBuildFile; fileRef = 8360469428E4D3C1006CDE28 /* TextExtension.swift */; };
		8360469628E4D3C1006CDE28 /* TextExtension.swift in Sources */ = {isa = PBXBuildFile; fileRef = 8360469428E4D3C1006CDE28 /* TextExtension.swift */; };
		8360469828E4D990006CDE28 /* UIColor.swift in Sources */ = {isa = PBXBuildFile; fileRef = 8360469728E4D990006CDE28 /* UIColor.swift */; };
		8360469928E4D990006CDE28 /* UIColor.swift in Sources */ = {isa = PBXBuildFile; fileRef = 8360469728E4D990006CDE28 /* UIColor.swift */; };
		8360469B28E4DD1D006CDE28 /* ContentView.swift in Sources */ = {isa = PBXBuildFile; fileRef = 8360469A28E4DD1D006CDE28 /* ContentView.swift */; };
		8360469C28E4DD1D006CDE28 /* ContentView.swift in Sources */ = {isa = PBXBuildFile; fileRef = 8360469A28E4DD1D006CDE28 /* ContentView.swift */; };
		8360469E28E4DEE7006CDE28 /* .gitignore in Resources */ = {isa = PBXBuildFile; fileRef = 8360469D28E4DEE7006CDE28 /* .gitignore */; };
		8360469F28E4DEE7006CDE28 /* .gitignore in Resources */ = {isa = PBXBuildFile; fileRef = 8360469D28E4DEE7006CDE28 /* .gitignore */; };
		836046A228E5D551006CDE28 /* Model.xcdatamodeld in Sources */ = {isa = PBXBuildFile; fileRef = 836046A028E5D551006CDE28 /* Model.xcdatamodeld */; };
		836046A328E5D551006CDE28 /* Model.xcdatamodeld in Sources */ = {isa = PBXBuildFile; fileRef = 836046A028E5D551006CDE28 /* Model.xcdatamodeld */; };
		836046A528E5E31E006CDE28 /* CardAsyncImageView.swift in Sources */ = {isa = PBXBuildFile; fileRef = 836046A428E5E31E006CDE28 /* CardAsyncImageView.swift */; };
		836046A628E5E31E006CDE28 /* CardAsyncImageView.swift in Sources */ = {isa = PBXBuildFile; fileRef = 836046A428E5E31E006CDE28 /* CardAsyncImageView.swift */; };
		839FAD1828E7400D00BC816C /* Card.json in Resources */ = {isa = PBXBuildFile; fileRef = 839FAD1728E7400D00BC816C /* Card.json */; };
		839FAD1928E7400D00BC816C /* Card.json in Resources */ = {isa = PBXBuildFile; fileRef = 839FAD1728E7400D00BC816C /* Card.json */; };
		839FAD1B28E7457E00BC816C /* CardInformationStackView.swift in Sources */ = {isa = PBXBuildFile; fileRef = 839FAD1A28E7457E00BC816C /* CardInformationStackView.swift */; };
		839FAD1C28E7457E00BC816C /* CardInformationStackView.swift in Sources */ = {isa = PBXBuildFile; fileRef = 839FAD1A28E7457E00BC816C /* CardInformationStackView.swift */; };
		839FAD1F28E771A800BC816C /* SavedCardsListView.swift in Sources */ = {isa = PBXBuildFile; fileRef = 839FAD1E28E771A800BC816C /* SavedCardsListView.swift */; };
		839FAD2028E771A800BC816C /* SavedCardsListView.swift in Sources */ = {isa = PBXBuildFile; fileRef = 839FAD1E28E771A800BC816C /* SavedCardsListView.swift */; };
		839FAD2D28E79F1300BC816C /* View.swift in Sources */ = {isa = PBXBuildFile; fileRef = 839FAD2C28E79F1300BC816C /* View.swift */; };
		839FAD2E28E79F1300BC816C /* View.swift in Sources */ = {isa = PBXBuildFile; fileRef = 839FAD2C28E79F1300BC816C /* View.swift */; };
		839FAD3028E7A4B200BC816C /* SnapshotHelper.swift in Sources */ = {isa = PBXBuildFile; fileRef = 839FAD2F28E7A4B200BC816C /* SnapshotHelper.swift */; };
		839FAD3128E7A4D400BC816C /* magic_databaseApp.swift in Sources */ = {isa = PBXBuildFile; fileRef = 8360465628E483C6006CDE28 /* magic_databaseApp.swift */; };
		839FAD3228E7A4D500BC816C /* magic_databaseApp.swift in Sources */ = {isa = PBXBuildFile; fileRef = 8360465628E483C6006CDE28 /* magic_databaseApp.swift */; };
		839FAD3328E7A4EA00BC816C /* Persistence.swift in Sources */ = {isa = PBXBuildFile; fileRef = 83F475D228E5F288008DA84C /* Persistence.swift */; };
		839FAD3428E7A4F500BC816C /* ContentView.swift in Sources */ = {isa = PBXBuildFile; fileRef = 8360469A28E4DD1D006CDE28 /* ContentView.swift */; };
		839FAD3528E7A4F700BC816C /* SavedCardsListView.swift in Sources */ = {isa = PBXBuildFile; fileRef = 839FAD1E28E771A800BC816C /* SavedCardsListView.swift */; };
		839FAD3628E7A4FA00BC816C /* Card.swift in Sources */ = {isa = PBXBuildFile; fileRef = 8360468128E48772006CDE28 /* Card.swift */; };
		839FAD3728E7A4FC00BC816C /* Card.json in Resources */ = {isa = PBXBuildFile; fileRef = 839FAD1728E7400D00BC816C /* Card.json */; };
		839FAD3828E7A4FF00BC816C /* RandomCardView.swift in Sources */ = {isa = PBXBuildFile; fileRef = 8360468528E48B0E006CDE28 /* RandomCardView.swift */; };
		839FAD3928E7A50100BC816C /* CardInformationView.swift in Sources */ = {isa = PBXBuildFile; fileRef = 8360469028E4CF4B006CDE28 /* CardInformationView.swift */; };
		839FAD3A28E7A50300BC816C /* CardAsyncImageView.swift in Sources */ = {isa = PBXBuildFile; fileRef = 836046A428E5E31E006CDE28 /* CardAsyncImageView.swift */; };
		839FAD3B28E7A50400BC816C /* CardInformationStackView.swift in Sources */ = {isa = PBXBuildFile; fileRef = 839FAD1A28E7457E00BC816C /* CardInformationStackView.swift */; };
		839FAD3C28E7A50800BC816C /* WebService.swift in Sources */ = {isa = PBXBuildFile; fileRef = 8360468928E48BDB006CDE28 /* WebService.swift */; };
		839FAD3D28E7A50B00BC816C /* RandomCardViewModel.swift in Sources */ = {isa = PBXBuildFile; fileRef = 8360468D28E48FBD006CDE28 /* RandomCardViewModel.swift */; };
		839FAD3E28E7A50D00BC816C /* View.swift in Sources */ = {isa = PBXBuildFile; fileRef = 839FAD2C28E79F1300BC816C /* View.swift */; };
		839FAD3F28E7A50F00BC816C /* UIColor.swift in Sources */ = {isa = PBXBuildFile; fileRef = 8360469728E4D990006CDE28 /* UIColor.swift */; };
		839FAD4028E7A51100BC816C /* TextExtension.swift in Sources */ = {isa = PBXBuildFile; fileRef = 8360469428E4D3C1006CDE28 /* TextExtension.swift */; };
		839FAD4228E7A53700BC816C /* .env.default in Resources */ = {isa = PBXBuildFile; fileRef = 839FAD4128E7A53700BC816C /* .env.default */; };
		839FAD4328E7A53700BC816C /* .env.default in Resources */ = {isa = PBXBuildFile; fileRef = 839FAD4128E7A53700BC816C /* .env.default */; };
		839FAD4428E7A53700BC816C /* .env.default in Resources */ = {isa = PBXBuildFile; fileRef = 839FAD4128E7A53700BC816C /* .env.default */; };
		839FAD4528E7A58D00BC816C /* Model.xcdatamodeld in Sources */ = {isa = PBXBuildFile; fileRef = 836046A028E5D551006CDE28 /* Model.xcdatamodeld */; };
		839FAD4728E7A77600BC816C /* magic_databaseTests.swift in Sources */ = {isa = PBXBuildFile; fileRef = 8360466728E483C8006CDE28 /* magic_databaseTests.swift */; };
		83A77FAA28FF499D0024D58F /* MTGSetIcon in Frameworks */ = {isa = PBXBuildFile; productRef = 83A77FA928FF499D0024D58F /* MTGSetIcon */; };
		83F475D328E5F288008DA84C /* Persistence.swift in Sources */ = {isa = PBXBuildFile; fileRef = 83F475D228E5F288008DA84C /* Persistence.swift */; };
		83F475D428E5F288008DA84C /* Persistence.swift in Sources */ = {isa = PBXBuildFile; fileRef = 83F475D228E5F288008DA84C /* Persistence.swift */; };
/* End PBXBuildFile section */

/* Begin PBXContainerItemProxy section */
		8360466428E483C8006CDE28 /* PBXContainerItemProxy */ = {
			isa = PBXContainerItemProxy;
			containerPortal = 8360464B28E483C6006CDE28 /* Project object */;
			proxyType = 1;
			remoteGlobalIDString = 8360465228E483C6006CDE28;
			remoteInfo = "magic-database";
		};
		8360466E28E483C8006CDE28 /* PBXContainerItemProxy */ = {
			isa = PBXContainerItemProxy;
			containerPortal = 8360464B28E483C6006CDE28 /* Project object */;
			proxyType = 1;
			remoteGlobalIDString = 8360465228E483C6006CDE28;
			remoteInfo = "magic-database";
		};
/* End PBXContainerItemProxy section */

/* Begin PBXFileReference section */
		833366C32900457A003E1B3B /* CardSetView.swift */ = {isa = PBXFileReference; lastKnownFileType = sourcecode.swift; path = CardSetView.swift; sourceTree = "<group>"; };
		833366C729005918003E1B3B /* MTGSetIcon */ = {isa = PBXFileReference; lastKnownFileType = wrapper; path = MTGSetIcon; sourceTree = "<group>"; };
		8360465328E483C6006CDE28 /* Random-MTG.app */ = {isa = PBXFileReference; explicitFileType = wrapper.application; includeInIndex = 0; path = "Random-MTG.app"; sourceTree = BUILT_PRODUCTS_DIR; };
		8360465628E483C6006CDE28 /* magic_databaseApp.swift */ = {isa = PBXFileReference; lastKnownFileType = sourcecode.swift; path = magic_databaseApp.swift; sourceTree = "<group>"; };
		8360465A28E483C8006CDE28 /* Assets.xcassets */ = {isa = PBXFileReference; lastKnownFileType = folder.assetcatalog; path = Assets.xcassets; sourceTree = "<group>"; };
		8360465D28E483C8006CDE28 /* Preview Assets.xcassets */ = {isa = PBXFileReference; lastKnownFileType = folder.assetcatalog; path = "Preview Assets.xcassets"; sourceTree = "<group>"; };
		8360466328E483C8006CDE28 /* magic-databaseTests.xctest */ = {isa = PBXFileReference; explicitFileType = wrapper.cfbundle; includeInIndex = 0; path = "magic-databaseTests.xctest"; sourceTree = BUILT_PRODUCTS_DIR; };
		8360466728E483C8006CDE28 /* magic_databaseTests.swift */ = {isa = PBXFileReference; lastKnownFileType = sourcecode.swift; path = magic_databaseTests.swift; sourceTree = "<group>"; };
		8360466D28E483C8006CDE28 /* magic-databaseUITests.xctest */ = {isa = PBXFileReference; explicitFileType = wrapper.cfbundle; includeInIndex = 0; path = "magic-databaseUITests.xctest"; sourceTree = BUILT_PRODUCTS_DIR; };
		8360467128E483C8006CDE28 /* magic_databaseUITests.swift */ = {isa = PBXFileReference; lastKnownFileType = sourcecode.swift; path = magic_databaseUITests.swift; sourceTree = "<group>"; };
		8360467328E483C8006CDE28 /* magic_databaseUITestsLaunchTests.swift */ = {isa = PBXFileReference; lastKnownFileType = sourcecode.swift; path = magic_databaseUITestsLaunchTests.swift; sourceTree = "<group>"; };
		8360468128E48772006CDE28 /* Card.swift */ = {isa = PBXFileReference; lastKnownFileType = sourcecode.swift; path = Card.swift; sourceTree = "<group>"; };
		8360468528E48B0E006CDE28 /* RandomCardView.swift */ = {isa = PBXFileReference; lastKnownFileType = sourcecode.swift; path = RandomCardView.swift; sourceTree = "<group>"; };
		8360468928E48BDB006CDE28 /* WebService.swift */ = {isa = PBXFileReference; lastKnownFileType = sourcecode.swift; path = WebService.swift; sourceTree = "<group>"; };
		8360468D28E48FBD006CDE28 /* RandomCardViewModel.swift */ = {isa = PBXFileReference; lastKnownFileType = sourcecode.swift; path = RandomCardViewModel.swift; sourceTree = "<group>"; };
		8360469028E4CF4B006CDE28 /* CardInformationView.swift */ = {isa = PBXFileReference; lastKnownFileType = sourcecode.swift; path = CardInformationView.swift; sourceTree = "<group>"; };
		8360469428E4D3C1006CDE28 /* TextExtension.swift */ = {isa = PBXFileReference; lastKnownFileType = sourcecode.swift; path = TextExtension.swift; sourceTree = "<group>"; };
		8360469728E4D990006CDE28 /* UIColor.swift */ = {isa = PBXFileReference; lastKnownFileType = sourcecode.swift; path = UIColor.swift; sourceTree = "<group>"; };
		8360469A28E4DD1D006CDE28 /* ContentView.swift */ = {isa = PBXFileReference; lastKnownFileType = sourcecode.swift; path = ContentView.swift; sourceTree = "<group>"; };
		8360469D28E4DEE7006CDE28 /* .gitignore */ = {isa = PBXFileReference; fileEncoding = 4; lastKnownFileType = text; path = .gitignore; sourceTree = "<group>"; };
		836046A128E5D551006CDE28 /* Model.xcdatamodel */ = {isa = PBXFileReference; lastKnownFileType = wrapper.xcdatamodel; path = Model.xcdatamodel; sourceTree = "<group>"; };
		836046A428E5E31E006CDE28 /* CardAsyncImageView.swift */ = {isa = PBXFileReference; lastKnownFileType = sourcecode.swift; path = CardAsyncImageView.swift; sourceTree = "<group>"; };
		839FAD1728E7400D00BC816C /* Card.json */ = {isa = PBXFileReference; lastKnownFileType = text.json; path = Card.json; sourceTree = "<group>"; };
		839FAD1A28E7457E00BC816C /* CardInformationStackView.swift */ = {isa = PBXFileReference; lastKnownFileType = sourcecode.swift; path = CardInformationStackView.swift; sourceTree = "<group>"; };
		839FAD1E28E771A800BC816C /* SavedCardsListView.swift */ = {isa = PBXFileReference; lastKnownFileType = sourcecode.swift; path = SavedCardsListView.swift; sourceTree = "<group>"; };
		839FAD2B28E79D4500BC816C /* Info.plist */ = {isa = PBXFileReference; lastKnownFileType = text.plist; path = Info.plist; sourceTree = "<group>"; };
		839FAD2C28E79F1300BC816C /* View.swift */ = {isa = PBXFileReference; lastKnownFileType = sourcecode.swift; path = View.swift; sourceTree = "<group>"; };
		839FAD2F28E7A4B200BC816C /* SnapshotHelper.swift */ = {isa = PBXFileReference; fileEncoding = 4; lastKnownFileType = sourcecode.swift; path = SnapshotHelper.swift; sourceTree = "<group>"; };
		839FAD4128E7A53700BC816C /* .env.default */ = {isa = PBXFileReference; fileEncoding = 4; lastKnownFileType = text; path = .env.default; sourceTree = "<group>"; };
		83F475D228E5F288008DA84C /* Persistence.swift */ = {isa = PBXFileReference; fileEncoding = 4; lastKnownFileType = sourcecode.swift; path = Persistence.swift; sourceTree = "<group>"; };
/* End PBXFileReference section */

/* Begin PBXFrameworksBuildPhase section */
		8360465028E483C6006CDE28 /* Frameworks */ = {
			isa = PBXFrameworksBuildPhase;
			buildActionMask = 2147483647;
			files = (
				83A77FAA28FF499D0024D58F /* MTGSetIcon in Frameworks */,
			);
			runOnlyForDeploymentPostprocessing = 0;
		};
		8360466028E483C8006CDE28 /* Frameworks */ = {
			isa = PBXFrameworksBuildPhase;
			buildActionMask = 2147483647;
			files = (
			);
			runOnlyForDeploymentPostprocessing = 0;
		};
		8360466A28E483C8006CDE28 /* Frameworks */ = {
			isa = PBXFrameworksBuildPhase;
			buildActionMask = 2147483647;
			files = (
			);
			runOnlyForDeploymentPostprocessing = 0;
		};
/* End PBXFrameworksBuildPhase section */

/* Begin PBXGroup section */
		8360464A28E483C6006CDE28 = {
			isa = PBXGroup;
			children = (
				833366C729005918003E1B3B /* MTGSetIcon */,
				8360469D28E4DEE7006CDE28 /* .gitignore */,
				839FAD4128E7A53700BC816C /* .env.default */,
				8360469328E4D3A5006CDE28 /* Extensions */,
				8360468C28E48F7F006CDE28 /* ViewModels */,
				8360468828E48BCE006CDE28 /* Services */,
				8360468428E48ADE006CDE28 /* Views */,
				8360468028E48752006CDE28 /* Models */,
				839FAD2A28E79AD800BC816C /* CoreData */,
				8360465528E483C6006CDE28 /* magic-database */,
				8360466628E483C8006CDE28 /* magic-databaseTests */,
				8360467028E483C8006CDE28 /* magic-databaseUITests */,
				8360465428E483C6006CDE28 /* Products */,
				83A77FA828FF499D0024D58F /* Frameworks */,
			);
			sourceTree = "<group>";
		};
		8360465428E483C6006CDE28 /* Products */ = {
			isa = PBXGroup;
			children = (
				8360465328E483C6006CDE28 /* Random-MTG.app */,
				8360466328E483C8006CDE28 /* magic-databaseTests.xctest */,
				8360466D28E483C8006CDE28 /* magic-databaseUITests.xctest */,
			);
			name = Products;
			sourceTree = "<group>";
		};
		8360465528E483C6006CDE28 /* magic-database */ = {
			isa = PBXGroup;
			children = (
				839FAD2B28E79D4500BC816C /* Info.plist */,
				8360465628E483C6006CDE28 /* magic_databaseApp.swift */,
				8360465A28E483C8006CDE28 /* Assets.xcassets */,
				8360465C28E483C8006CDE28 /* Preview Content */,
			);
			path = "magic-database";
			sourceTree = "<group>";
		};
		8360465C28E483C8006CDE28 /* Preview Content */ = {
			isa = PBXGroup;
			children = (
				8360465D28E483C8006CDE28 /* Preview Assets.xcassets */,
			);
			path = "Preview Content";
			sourceTree = "<group>";
		};
		8360466628E483C8006CDE28 /* magic-databaseTests */ = {
			isa = PBXGroup;
			children = (
				8360466728E483C8006CDE28 /* magic_databaseTests.swift */,
			);
			path = "magic-databaseTests";
			sourceTree = "<group>";
		};
		8360467028E483C8006CDE28 /* magic-databaseUITests */ = {
			isa = PBXGroup;
			children = (
				8360467128E483C8006CDE28 /* magic_databaseUITests.swift */,
				8360467328E483C8006CDE28 /* magic_databaseUITestsLaunchTests.swift */,
				839FAD2F28E7A4B200BC816C /* SnapshotHelper.swift */,
			);
			path = "magic-databaseUITests";
			sourceTree = "<group>";
		};
		8360468028E48752006CDE28 /* Models */ = {
			isa = PBXGroup;
			children = (
				8360468128E48772006CDE28 /* Card.swift */,
				839FAD1728E7400D00BC816C /* Card.json */,
			);
			path = Models;
			sourceTree = "<group>";
		};
		8360468428E48ADE006CDE28 /* Views */ = {
			isa = PBXGroup;
			children = (
				839FAD1D28E7714100BC816C /* RandomCardView */,
				8360469A28E4DD1D006CDE28 /* ContentView.swift */,
				839FAD1E28E771A800BC816C /* SavedCardsListView.swift */,
			);
			path = Views;
			sourceTree = "<group>";
		};
		8360468828E48BCE006CDE28 /* Services */ = {
			isa = PBXGroup;
			children = (
				8360468928E48BDB006CDE28 /* WebService.swift */,
			);
			path = Services;
			sourceTree = "<group>";
		};
		8360468C28E48F7F006CDE28 /* ViewModels */ = {
			isa = PBXGroup;
			children = (
				8360468D28E48FBD006CDE28 /* RandomCardViewModel.swift */,
			);
			path = ViewModels;
			sourceTree = "<group>";
		};
		8360469328E4D3A5006CDE28 /* Extensions */ = {
			isa = PBXGroup;
			children = (
				8360469428E4D3C1006CDE28 /* TextExtension.swift */,
				8360469728E4D990006CDE28 /* UIColor.swift */,
				839FAD2C28E79F1300BC816C /* View.swift */,
			);
			path = Extensions;
			sourceTree = "<group>";
		};
		839FAD1D28E7714100BC816C /* RandomCardView */ = {
			isa = PBXGroup;
			children = (
				839FAD1A28E7457E00BC816C /* CardInformationStackView.swift */,
				836046A428E5E31E006CDE28 /* CardAsyncImageView.swift */,
				8360469028E4CF4B006CDE28 /* CardInformationView.swift */,
				8360468528E48B0E006CDE28 /* RandomCardView.swift */,
				833366C32900457A003E1B3B /* CardSetView.swift */,
			);
			path = RandomCardView;
			sourceTree = "<group>";
		};
		839FAD2A28E79AD800BC816C /* CoreData */ = {
			isa = PBXGroup;
			children = (
				836046A028E5D551006CDE28 /* Model.xcdatamodeld */,
				83F475D228E5F288008DA84C /* Persistence.swift */,
			);
			path = CoreData;
			sourceTree = "<group>";
		};
		83A77FA828FF499D0024D58F /* Frameworks */ = {
			isa = PBXGroup;
			children = (
			);
			name = Frameworks;
			sourceTree = "<group>";
		};
/* End PBXGroup section */

/* Begin PBXNativeTarget section */
		8360465228E483C6006CDE28 /* magic-database */ = {
			isa = PBXNativeTarget;
			buildConfigurationList = 8360467728E483C8006CDE28 /* Build configuration list for PBXNativeTarget "magic-database" */;
			buildPhases = (
				8360464F28E483C6006CDE28 /* Sources */,
				8360465028E483C6006CDE28 /* Frameworks */,
				8360465128E483C6006CDE28 /* Resources */,
			);
			buildRules = (
			);
			dependencies = (
			);
			name = "magic-database";
			packageProductDependencies = (
				83A77FA928FF499D0024D58F /* MTGSetIcon */,
			);
			productName = "magic-database";
			productReference = 8360465328E483C6006CDE28 /* Random-MTG.app */;
			productType = "com.apple.product-type.application";
		};
		8360466228E483C8006CDE28 /* magic-databaseTests */ = {
			isa = PBXNativeTarget;
			buildConfigurationList = 8360467A28E483C8006CDE28 /* Build configuration list for PBXNativeTarget "magic-databaseTests" */;
			buildPhases = (
				8360465F28E483C8006CDE28 /* Sources */,
				8360466028E483C8006CDE28 /* Frameworks */,
				8360466128E483C8006CDE28 /* Resources */,
			);
			buildRules = (
			);
			dependencies = (
				8360466528E483C8006CDE28 /* PBXTargetDependency */,
			);
			name = "magic-databaseTests";
			productName = "magic-databaseTests";
			productReference = 8360466328E483C8006CDE28 /* magic-databaseTests.xctest */;
			productType = "com.apple.product-type.bundle.unit-test";
		};
		8360466C28E483C8006CDE28 /* magic-databaseUITests */ = {
			isa = PBXNativeTarget;
			buildConfigurationList = 8360467D28E483C8006CDE28 /* Build configuration list for PBXNativeTarget "magic-databaseUITests" */;
			buildPhases = (
				8360466928E483C8006CDE28 /* Sources */,
				8360466A28E483C8006CDE28 /* Frameworks */,
				8360466B28E483C8006CDE28 /* Resources */,
			);
			buildRules = (
			);
			dependencies = (
				8360466F28E483C8006CDE28 /* PBXTargetDependency */,
			);
			name = "magic-databaseUITests";
			productName = "magic-databaseUITests";
			productReference = 8360466D28E483C8006CDE28 /* magic-databaseUITests.xctest */;
			productType = "com.apple.product-type.bundle.ui-testing";
		};
/* End PBXNativeTarget section */

/* Begin PBXProject section */
		8360464B28E483C6006CDE28 /* Project object */ = {
			isa = PBXProject;
			attributes = {
				BuildIndependentTargetsInParallel = 1;
				LastSwiftUpdateCheck = 1340;
				LastUpgradeCheck = 1340;
				TargetAttributes = {
					8360465228E483C6006CDE28 = {
						CreatedOnToolsVersion = 13.4.1;
					};
					8360466228E483C8006CDE28 = {
						CreatedOnToolsVersion = 13.4.1;
						TestTargetID = 8360465228E483C6006CDE28;
					};
					8360466C28E483C8006CDE28 = {
						CreatedOnToolsVersion = 13.4.1;
						TestTargetID = 8360465228E483C6006CDE28;
					};
				};
			};
			buildConfigurationList = 8360464E28E483C6006CDE28 /* Build configuration list for PBXProject "magic-database" */;
			compatibilityVersion = "Xcode 13.0";
			developmentRegion = en;
			hasScannedForEncodings = 0;
			knownRegions = (
				en,
				Base,
			);
			mainGroup = 8360464A28E483C6006CDE28;
			productRefGroup = 8360465428E483C6006CDE28 /* Products */;
			projectDirPath = "";
			projectRoot = "";
			targets = (
				8360465228E483C6006CDE28 /* magic-database */,
				8360466228E483C8006CDE28 /* magic-databaseTests */,
				8360466C28E483C8006CDE28 /* magic-databaseUITests */,
			);
		};
/* End PBXProject section */

/* Begin PBXResourcesBuildPhase section */
		8360465128E483C6006CDE28 /* Resources */ = {
			isa = PBXResourcesBuildPhase;
			buildActionMask = 2147483647;
			files = (
				8360465E28E483C8006CDE28 /* Preview Assets.xcassets in Resources */,
				8360469E28E4DEE7006CDE28 /* .gitignore in Resources */,
				8360465B28E483C8006CDE28 /* Assets.xcassets in Resources */,
				839FAD1828E7400D00BC816C /* Card.json in Resources */,
				839FAD4228E7A53700BC816C /* .env.default in Resources */,
			);
			runOnlyForDeploymentPostprocessing = 0;
		};
		8360466128E483C8006CDE28 /* Resources */ = {
			isa = PBXResourcesBuildPhase;
			buildActionMask = 2147483647;
			files = (
				8360469F28E4DEE7006CDE28 /* .gitignore in Resources */,
				839FAD1928E7400D00BC816C /* Card.json in Resources */,
				839FAD4328E7A53700BC816C /* .env.default in Resources */,
			);
			runOnlyForDeploymentPostprocessing = 0;
		};
		8360466B28E483C8006CDE28 /* Resources */ = {
			isa = PBXResourcesBuildPhase;
			buildActionMask = 2147483647;
			files = (
				839FAD4428E7A53700BC816C /* .env.default in Resources */,
				839FAD3728E7A4FC00BC816C /* Card.json in Resources */,
			);
			runOnlyForDeploymentPostprocessing = 0;
		};
/* End PBXResourcesBuildPhase section */

/* Begin PBXSourcesBuildPhase section */
		8360464F28E483C6006CDE28 /* Sources */ = {
			isa = PBXSourcesBuildPhase;
			buildActionMask = 2147483647;
			files = (
				836046A528E5E31E006CDE28 /* CardAsyncImageView.swift in Sources */,
				8360468628E48B0E006CDE28 /* RandomCardView.swift in Sources */,
				839FAD2D28E79F1300BC816C /* View.swift in Sources */,
				8360468228E48772006CDE28 /* Card.swift in Sources */,
				8360468A28E48BDB006CDE28 /* WebService.swift in Sources */,
				8360469528E4D3C1006CDE28 /* TextExtension.swift in Sources */,
				8360465728E483C6006CDE28 /* magic_databaseApp.swift in Sources */,
				8360469B28E4DD1D006CDE28 /* ContentView.swift in Sources */,
				8360469828E4D990006CDE28 /* UIColor.swift in Sources */,
				836046A228E5D551006CDE28 /* Model.xcdatamodeld in Sources */,
				83F475D328E5F288008DA84C /* Persistence.swift in Sources */,
				839FAD1F28E771A800BC816C /* SavedCardsListView.swift in Sources */,
				8360468E28E48FBD006CDE28 /* RandomCardViewModel.swift in Sources */,
				833366C42900457A003E1B3B /* CardSetView.swift in Sources */,
				839FAD1B28E7457E00BC816C /* CardInformationStackView.swift in Sources */,
				8360469128E4CF4B006CDE28 /* CardInformationView.swift in Sources */,
			);
			runOnlyForDeploymentPostprocessing = 0;
		};
		8360465F28E483C8006CDE28 /* Sources */ = {
			isa = PBXSourcesBuildPhase;
			buildActionMask = 2147483647;
			files = (
				836046A628E5E31E006CDE28 /* CardAsyncImageView.swift in Sources */,
				8360468728E48B0E006CDE28 /* RandomCardView.swift in Sources */,
				839FAD2E28E79F1300BC816C /* View.swift in Sources */,
				8360466828E483C8006CDE28 /* magic_databaseTests.swift in Sources */,
				8360468B28E48BDB006CDE28 /* WebService.swift in Sources */,
				8360469628E4D3C1006CDE28 /* TextExtension.swift in Sources */,
				8360468328E48772006CDE28 /* Card.swift in Sources */,
				8360469C28E4DD1D006CDE28 /* ContentView.swift in Sources */,
				839FAD3228E7A4D500BC816C /* magic_databaseApp.swift in Sources */,
				8360469928E4D990006CDE28 /* UIColor.swift in Sources */,
				836046A328E5D551006CDE28 /* Model.xcdatamodeld in Sources */,
				83F475D428E5F288008DA84C /* Persistence.swift in Sources */,
				839FAD2028E771A800BC816C /* SavedCardsListView.swift in Sources */,
				8360468F28E48FBD006CDE28 /* RandomCardViewModel.swift in Sources */,
				839FAD1C28E7457E00BC816C /* CardInformationStackView.swift in Sources */,
				833366C52900457A003E1B3B /* CardSetView.swift in Sources */,
				8360469228E4CF4B006CDE28 /* CardInformationView.swift in Sources */,
			);
			runOnlyForDeploymentPostprocessing = 0;
		};
		8360466928E483C8006CDE28 /* Sources */ = {
			isa = PBXSourcesBuildPhase;
			buildActionMask = 2147483647;
			files = (
				839FAD4728E7A77600BC816C /* magic_databaseTests.swift in Sources */,
				839FAD3C28E7A50800BC816C /* WebService.swift in Sources */,
				839FAD3A28E7A50300BC816C /* CardAsyncImageView.swift in Sources */,
				839FAD3E28E7A50D00BC816C /* View.swift in Sources */,
				839FAD3128E7A4D400BC816C /* magic_databaseApp.swift in Sources */,
				833366C62900457A003E1B3B /* CardSetView.swift in Sources */,
				8360467228E483C8006CDE28 /* magic_databaseUITests.swift in Sources */,
				839FAD4528E7A58D00BC816C /* Model.xcdatamodeld in Sources */,
				839FAD3F28E7A50F00BC816C /* UIColor.swift in Sources */,
				839FAD3428E7A4F500BC816C /* ContentView.swift in Sources */,
				839FAD3928E7A50100BC816C /* CardInformationView.swift in Sources */,
				839FAD3828E7A4FF00BC816C /* RandomCardView.swift in Sources */,
				839FAD3D28E7A50B00BC816C /* RandomCardViewModel.swift in Sources */,
				839FAD3528E7A4F700BC816C /* SavedCardsListView.swift in Sources */,
				8360467428E483C8006CDE28 /* magic_databaseUITestsLaunchTests.swift in Sources */,
				839FAD3028E7A4B200BC816C /* SnapshotHelper.swift in Sources */,
				839FAD4028E7A51100BC816C /* TextExtension.swift in Sources */,
				839FAD3328E7A4EA00BC816C /* Persistence.swift in Sources */,
				839FAD3B28E7A50400BC816C /* CardInformationStackView.swift in Sources */,
				839FAD3628E7A4FA00BC816C /* Card.swift in Sources */,
			);
			runOnlyForDeploymentPostprocessing = 0;
		};
/* End PBXSourcesBuildPhase section */

/* Begin PBXTargetDependency section */
		8360466528E483C8006CDE28 /* PBXTargetDependency */ = {
			isa = PBXTargetDependency;
			target = 8360465228E483C6006CDE28 /* magic-database */;
			targetProxy = 8360466428E483C8006CDE28 /* PBXContainerItemProxy */;
		};
		8360466F28E483C8006CDE28 /* PBXTargetDependency */ = {
			isa = PBXTargetDependency;
			target = 8360465228E483C6006CDE28 /* magic-database */;
			targetProxy = 8360466E28E483C8006CDE28 /* PBXContainerItemProxy */;
		};
/* End PBXTargetDependency section */

/* Begin XCBuildConfiguration section */
		8360467528E483C8006CDE28 /* Debug */ = {
			isa = XCBuildConfiguration;
			buildSettings = {
				ALWAYS_SEARCH_USER_PATHS = NO;
				CLANG_ANALYZER_NONNULL = YES;
				CLANG_ANALYZER_NUMBER_OBJECT_CONVERSION = YES_AGGRESSIVE;
				CLANG_CXX_LANGUAGE_STANDARD = "gnu++17";
				CLANG_ENABLE_MODULES = YES;
				CLANG_ENABLE_OBJC_ARC = YES;
				CLANG_ENABLE_OBJC_WEAK = YES;
				CLANG_WARN_BLOCK_CAPTURE_AUTORELEASING = YES;
				CLANG_WARN_BOOL_CONVERSION = YES;
				CLANG_WARN_COMMA = YES;
				CLANG_WARN_CONSTANT_CONVERSION = YES;
				CLANG_WARN_DEPRECATED_OBJC_IMPLEMENTATIONS = YES;
				CLANG_WARN_DIRECT_OBJC_ISA_USAGE = YES_ERROR;
				CLANG_WARN_DOCUMENTATION_COMMENTS = YES;
				CLANG_WARN_EMPTY_BODY = YES;
				CLANG_WARN_ENUM_CONVERSION = YES;
				CLANG_WARN_INFINITE_RECURSION = YES;
				CLANG_WARN_INT_CONVERSION = YES;
				CLANG_WARN_NON_LITERAL_NULL_CONVERSION = YES;
				CLANG_WARN_OBJC_IMPLICIT_RETAIN_SELF = YES;
				CLANG_WARN_OBJC_LITERAL_CONVERSION = YES;
				CLANG_WARN_OBJC_ROOT_CLASS = YES_ERROR;
				CLANG_WARN_QUOTED_INCLUDE_IN_FRAMEWORK_HEADER = YES;
				CLANG_WARN_RANGE_LOOP_ANALYSIS = YES;
				CLANG_WARN_STRICT_PROTOTYPES = YES;
				CLANG_WARN_SUSPICIOUS_MOVE = YES;
				CLANG_WARN_UNGUARDED_AVAILABILITY = YES_AGGRESSIVE;
				CLANG_WARN_UNREACHABLE_CODE = YES;
				CLANG_WARN__DUPLICATE_METHOD_MATCH = YES;
				COPY_PHASE_STRIP = NO;
				DEBUG_INFORMATION_FORMAT = dwarf;
				ENABLE_STRICT_OBJC_MSGSEND = YES;
				ENABLE_TESTABILITY = YES;
				GCC_C_LANGUAGE_STANDARD = gnu11;
				GCC_DYNAMIC_NO_PIC = NO;
				GCC_NO_COMMON_BLOCKS = YES;
				GCC_OPTIMIZATION_LEVEL = 0;
				GCC_PREPROCESSOR_DEFINITIONS = (
					"DEBUG=1",
					"$(inherited)",
				);
				GCC_WARN_64_TO_32_BIT_CONVERSION = YES;
				GCC_WARN_ABOUT_RETURN_TYPE = YES_ERROR;
				GCC_WARN_UNDECLARED_SELECTOR = YES;
				GCC_WARN_UNINITIALIZED_AUTOS = YES_AGGRESSIVE;
				GCC_WARN_UNUSED_FUNCTION = YES;
				GCC_WARN_UNUSED_VARIABLE = YES;
				IPHONEOS_DEPLOYMENT_TARGET = 15.5;
				MTL_ENABLE_DEBUG_INFO = INCLUDE_SOURCE;
				MTL_FAST_MATH = YES;
				ONLY_ACTIVE_ARCH = YES;
				SDKROOT = iphoneos;
				SWIFT_ACTIVE_COMPILATION_CONDITIONS = DEBUG;
				SWIFT_OPTIMIZATION_LEVEL = "-Onone";
			};
			name = Debug;
		};
		8360467628E483C8006CDE28 /* Release */ = {
			isa = XCBuildConfiguration;
			buildSettings = {
				ALWAYS_SEARCH_USER_PATHS = NO;
				CLANG_ANALYZER_NONNULL = YES;
				CLANG_ANALYZER_NUMBER_OBJECT_CONVERSION = YES_AGGRESSIVE;
				CLANG_CXX_LANGUAGE_STANDARD = "gnu++17";
				CLANG_ENABLE_MODULES = YES;
				CLANG_ENABLE_OBJC_ARC = YES;
				CLANG_ENABLE_OBJC_WEAK = YES;
				CLANG_WARN_BLOCK_CAPTURE_AUTORELEASING = YES;
				CLANG_WARN_BOOL_CONVERSION = YES;
				CLANG_WARN_COMMA = YES;
				CLANG_WARN_CONSTANT_CONVERSION = YES;
				CLANG_WARN_DEPRECATED_OBJC_IMPLEMENTATIONS = YES;
				CLANG_WARN_DIRECT_OBJC_ISA_USAGE = YES_ERROR;
				CLANG_WARN_DOCUMENTATION_COMMENTS = YES;
				CLANG_WARN_EMPTY_BODY = YES;
				CLANG_WARN_ENUM_CONVERSION = YES;
				CLANG_WARN_INFINITE_RECURSION = YES;
				CLANG_WARN_INT_CONVERSION = YES;
				CLANG_WARN_NON_LITERAL_NULL_CONVERSION = YES;
				CLANG_WARN_OBJC_IMPLICIT_RETAIN_SELF = YES;
				CLANG_WARN_OBJC_LITERAL_CONVERSION = YES;
				CLANG_WARN_OBJC_ROOT_CLASS = YES_ERROR;
				CLANG_WARN_QUOTED_INCLUDE_IN_FRAMEWORK_HEADER = YES;
				CLANG_WARN_RANGE_LOOP_ANALYSIS = YES;
				CLANG_WARN_STRICT_PROTOTYPES = YES;
				CLANG_WARN_SUSPICIOUS_MOVE = YES;
				CLANG_WARN_UNGUARDED_AVAILABILITY = YES_AGGRESSIVE;
				CLANG_WARN_UNREACHABLE_CODE = YES;
				CLANG_WARN__DUPLICATE_METHOD_MATCH = YES;
				COPY_PHASE_STRIP = NO;
				DEBUG_INFORMATION_FORMAT = "dwarf-with-dsym";
				ENABLE_NS_ASSERTIONS = NO;
				ENABLE_STRICT_OBJC_MSGSEND = YES;
				GCC_C_LANGUAGE_STANDARD = gnu11;
				GCC_NO_COMMON_BLOCKS = YES;
				GCC_WARN_64_TO_32_BIT_CONVERSION = YES;
				GCC_WARN_ABOUT_RETURN_TYPE = YES_ERROR;
				GCC_WARN_UNDECLARED_SELECTOR = YES;
				GCC_WARN_UNINITIALIZED_AUTOS = YES_AGGRESSIVE;
				GCC_WARN_UNUSED_FUNCTION = YES;
				GCC_WARN_UNUSED_VARIABLE = YES;
				IPHONEOS_DEPLOYMENT_TARGET = 15.5;
				MTL_ENABLE_DEBUG_INFO = NO;
				MTL_FAST_MATH = YES;
				SDKROOT = iphoneos;
				SWIFT_COMPILATION_MODE = wholemodule;
				SWIFT_OPTIMIZATION_LEVEL = "-O";
				VALIDATE_PRODUCT = YES;
			};
			name = Release;
		};
		8360467828E483C8006CDE28 /* Debug */ = {
			isa = XCBuildConfiguration;
			buildSettings = {
				ASSETCATALOG_COMPILER_APPICON_NAME = AppIcon;
				ASSETCATALOG_COMPILER_GLOBAL_ACCENT_COLOR_NAME = AccentColor;
				CODE_SIGN_IDENTITY = "Apple Development";
				CODE_SIGN_STYLE = Automatic;
				CURRENT_PROJECT_VERSION = 10;
				DEVELOPMENT_ASSET_PATHS = "\"magic-database/Preview Content\"";
				DEVELOPMENT_TEAM = QN34A58MDP;
				ENABLE_PREVIEWS = YES;
				GENERATE_INFOPLIST_FILE = YES;
				INFOPLIST_FILE = "magic-database/Info.plist";
				INFOPLIST_KEY_UIApplicationSceneManifest_Generation = YES;
				INFOPLIST_KEY_UIApplicationSupportsIndirectInputEvents = YES;
				INFOPLIST_KEY_UILaunchScreen_Generation = YES;
				INFOPLIST_KEY_UISupportedInterfaceOrientations = UIInterfaceOrientationPortrait;
				INFOPLIST_KEY_UISupportedInterfaceOrientations_iPad = "UIInterfaceOrientationPortrait UIInterfaceOrientationPortraitUpsideDown UIInterfaceOrientationLandscapeLeft UIInterfaceOrientationLandscapeRight";
				INFOPLIST_KEY_UISupportedInterfaceOrientations_iPhone = "UIInterfaceOrientationPortrait UIInterfaceOrientationLandscapeLeft UIInterfaceOrientationLandscapeRight";
				LD_RUNPATH_SEARCH_PATHS = (
					"$(inherited)",
					"@executable_path/Frameworks",
				);
				MARKETING_VERSION = 1.0;
				PRODUCT_BUNDLE_IDENTIFIER = "com.victorchirino.random-mtg";
				PRODUCT_NAME = "Random-MTG";
				PROVISIONING_PROFILE_SPECIFIER = "";
				SWIFT_EMIT_LOC_STRINGS = YES;
				SWIFT_VERSION = 5.0;
				TARGETED_DEVICE_FAMILY = 1;
			};
			name = Debug;
		};
		8360467928E483C8006CDE28 /* Release */ = {
			isa = XCBuildConfiguration;
			buildSettings = {
				ASSETCATALOG_COMPILER_APPICON_NAME = AppIcon;
				ASSETCATALOG_COMPILER_GLOBAL_ACCENT_COLOR_NAME = AccentColor;
				CODE_SIGN_IDENTITY = "Apple Development";
				CODE_SIGN_STYLE = Automatic;
				CURRENT_PROJECT_VERSION = 10;
				DEVELOPMENT_ASSET_PATHS = "\"magic-database/Preview Content\"";
				DEVELOPMENT_TEAM = QN34A58MDP;
				ENABLE_PREVIEWS = YES;
				GENERATE_INFOPLIST_FILE = YES;
				INFOPLIST_FILE = "magic-database/Info.plist";
				INFOPLIST_KEY_UIApplicationSceneManifest_Generation = YES;
				INFOPLIST_KEY_UIApplicationSupportsIndirectInputEvents = YES;
				INFOPLIST_KEY_UILaunchScreen_Generation = YES;
				INFOPLIST_KEY_UISupportedInterfaceOrientations = UIInterfaceOrientationPortrait;
				INFOPLIST_KEY_UISupportedInterfaceOrientations_iPad = "UIInterfaceOrientationPortrait UIInterfaceOrientationPortraitUpsideDown UIInterfaceOrientationLandscapeLeft UIInterfaceOrientationLandscapeRight";
				INFOPLIST_KEY_UISupportedInterfaceOrientations_iPhone = "UIInterfaceOrientationPortrait UIInterfaceOrientationLandscapeLeft UIInterfaceOrientationLandscapeRight";
				LD_RUNPATH_SEARCH_PATHS = (
					"$(inherited)",
					"@executable_path/Frameworks",
				);
				MARKETING_VERSION = 1.0;
				PRODUCT_BUNDLE_IDENTIFIER = "com.victorchirino.random-mtg";
				PRODUCT_NAME = "Random-MTG";
				PROVISIONING_PROFILE_SPECIFIER = "";
				SWIFT_EMIT_LOC_STRINGS = YES;
				SWIFT_VERSION = 5.0;
				TARGETED_DEVICE_FAMILY = 1;
			};
			name = Release;
		};
		8360467B28E483C8006CDE28 /* Debug */ = {
			isa = XCBuildConfiguration;
			buildSettings = {
				ALWAYS_EMBED_SWIFT_STANDARD_LIBRARIES = YES;
				BUNDLE_LOADER = "$(TEST_HOST)";
				CODE_SIGN_STYLE = Automatic;
				CURRENT_PROJECT_VERSION = 10;
				DEVELOPMENT_TEAM = QN34A58MDP;
				GENERATE_INFOPLIST_FILE = YES;
				IPHONEOS_DEPLOYMENT_TARGET = 15.5;
				MARKETING_VERSION = 1.0;
				PRODUCT_BUNDLE_IDENTIFIER = "com.victorchirino.magic-databaseTests";
				PRODUCT_NAME = "$(TARGET_NAME)";
				SWIFT_EMIT_LOC_STRINGS = NO;
				SWIFT_VERSION = 5.0;
				TARGETED_DEVICE_FAMILY = "1,2";
				TEST_HOST = "$(BUILT_PRODUCTS_DIR)/magic-database.app/magic-database";
			};
			name = Debug;
		};
		8360467C28E483C8006CDE28 /* Release */ = {
			isa = XCBuildConfiguration;
			buildSettings = {
				ALWAYS_EMBED_SWIFT_STANDARD_LIBRARIES = YES;
				BUNDLE_LOADER = "$(TEST_HOST)";
				CODE_SIGN_STYLE = Automatic;
				CURRENT_PROJECT_VERSION = 10;
				DEVELOPMENT_TEAM = QN34A58MDP;
				GENERATE_INFOPLIST_FILE = YES;
				IPHONEOS_DEPLOYMENT_TARGET = 15.5;
				MARKETING_VERSION = 1.0;
				PRODUCT_BUNDLE_IDENTIFIER = "com.victorchirino.magic-databaseTests";
				PRODUCT_NAME = "$(TARGET_NAME)";
				SWIFT_EMIT_LOC_STRINGS = NO;
				SWIFT_VERSION = 5.0;
				TARGETED_DEVICE_FAMILY = "1,2";
				TEST_HOST = "$(BUILT_PRODUCTS_DIR)/magic-database.app/magic-database";
			};
			name = Release;
		};
		8360467E28E483C8006CDE28 /* Debug */ = {
			isa = XCBuildConfiguration;
			buildSettings = {
				ALWAYS_EMBED_SWIFT_STANDARD_LIBRARIES = YES;
				CODE_SIGN_STYLE = Automatic;
				CURRENT_PROJECT_VERSION = 10;
				DEVELOPMENT_TEAM = QN34A58MDP;
				GENERATE_INFOPLIST_FILE = YES;
				MARKETING_VERSION = 1.0;
				PRODUCT_BUNDLE_IDENTIFIER = "com.victorchirino.magic-databaseUITests";
				PRODUCT_NAME = "$(TARGET_NAME)";
				SWIFT_EMIT_LOC_STRINGS = NO;
				SWIFT_VERSION = 5.0;
				TARGETED_DEVICE_FAMILY = "1,2";
				TEST_TARGET_NAME = "magic-database";
			};
			name = Debug;
		};
		8360467F28E483C8006CDE28 /* Release */ = {
			isa = XCBuildConfiguration;
			buildSettings = {
				ALWAYS_EMBED_SWIFT_STANDARD_LIBRARIES = YES;
				CODE_SIGN_STYLE = Automatic;
				CURRENT_PROJECT_VERSION = 10;
				DEVELOPMENT_TEAM = QN34A58MDP;
				GENERATE_INFOPLIST_FILE = YES;
				MARKETING_VERSION = 1.0;
				PRODUCT_BUNDLE_IDENTIFIER = "com.victorchirino.magic-databaseUITests";
				PRODUCT_NAME = "$(TARGET_NAME)";
				SWIFT_EMIT_LOC_STRINGS = NO;
				SWIFT_VERSION = 5.0;
				TARGETED_DEVICE_FAMILY = "1,2";
				TEST_TARGET_NAME = "magic-database";
			};
			name = Release;
		};
/* End XCBuildConfiguration section */

/* Begin XCConfigurationList section */
		8360464E28E483C6006CDE28 /* Build configuration list for PBXProject "magic-database" */ = {
			isa = XCConfigurationList;
			buildConfigurations = (
				8360467528E483C8006CDE28 /* Debug */,
				8360467628E483C8006CDE28 /* Release */,
			);
			defaultConfigurationIsVisible = 0;
			defaultConfigurationName = Release;
		};
		8360467728E483C8006CDE28 /* Build configuration list for PBXNativeTarget "magic-database" */ = {
			isa = XCConfigurationList;
			buildConfigurations = (
				8360467828E483C8006CDE28 /* Debug */,
				8360467928E483C8006CDE28 /* Release */,
			);
			defaultConfigurationIsVisible = 0;
			defaultConfigurationName = Release;
		};
		8360467A28E483C8006CDE28 /* Build configuration list for PBXNativeTarget "magic-databaseTests" */ = {
			isa = XCConfigurationList;
			buildConfigurations = (
				8360467B28E483C8006CDE28 /* Debug */,
				8360467C28E483C8006CDE28 /* Release */,
			);
			defaultConfigurationIsVisible = 0;
			defaultConfigurationName = Release;
		};
		8360467D28E483C8006CDE28 /* Build configuration list for PBXNativeTarget "magic-databaseUITests" */ = {
			isa = XCConfigurationList;
			buildConfigurations = (
				8360467E28E483C8006CDE28 /* Debug */,
				8360467F28E483C8006CDE28 /* Release */,
			);
			defaultConfigurationIsVisible = 0;
			defaultConfigurationName = Release;
		};
/* End XCConfigurationList section */

/* Begin XCSwiftPackageProductDependency section */
		83A77FA928FF499D0024D58F /* MTGSetIcon */ = {
			isa = XCSwiftPackageProductDependency;
			productName = MTGSetIcon;
		};
/* End XCSwiftPackageProductDependency section */

/* Begin XCVersionGroup section */
		836046A028E5D551006CDE28 /* Model.xcdatamodeld */ = {
			isa = XCVersionGroup;
			children = (
				836046A128E5D551006CDE28 /* Model.xcdatamodel */,
			);
			currentVersion = 836046A128E5D551006CDE28 /* Model.xcdatamodel */;
			path = Model.xcdatamodeld;
			sourceTree = "<group>";
			versionGroupType = wrapper.xcdatamodel;
		};
/* End XCVersionGroup section */
	};
	rootObject = 8360464B28E483C6006CDE28 /* Project object */;
}
